
Microsoft Visual Studio Solution File, Format Version 12.00
# Visual Studio Version 17
VisualStudioVersion = 17.5.002.0
MinimumVisualStudioVersion = 10.0.40219.1
Project("{9A19103F-16F7-4668-BE54-9A1E7A4F7556}") = "Menu", "Menu.csproj", "{7D77934D-C2D5-47D3-8051-6EE219CA7F3B}"
EndProject
Global
	GlobalSection(SolutionConfigurationPlatforms) = preSolution
		Debug|Any CPU = Debug|Any CPU
		Release|Any CPU = Release|Any CPU
	EndGlobalSection
	GlobalSection(ProjectConfigurationPlatforms) = postSolution
		{7D77934D-C2D5-47D3-8051-6EE219CA7F3B}.Debug|Any CPU.ActiveCfg = Debug|Any CPU
		{7D77934D-C2D5-47D3-8051-6EE219CA7F3B}.Debug|Any CPU.Build.0 = Debug|Any CPU
		{7D77934D-C2D5-47D3-8051-6EE219CA7F3B}.Release|Any CPU.ActiveCfg = Release|Any CPU
		{7D77934D-C2D5-47D3-8051-6EE219CA7F3B}.Release|Any CPU.Build.0 = Release|Any CPU
	EndGlobalSection
	GlobalSection(SolutionProperties) = preSolution
		HideSolutionNode = FALSE
	EndGlobalSection
	GlobalSection(ExtensibilityGlobals) = postSolution
		SolutionGuid = {1B82B6D5-DF46-4FEB-A6EF-62CACF2F8D26}
	EndGlobalSection
EndGlobal
